// !$*UTF8*$!
{
	archiveVersion = 1;
	classes = {
	};
	objectVersion = 56;
	objects = {

/* Begin PBXBuildFile section */
		A34061252ACC448000B3C311 /* News_ExplorerApp.swift in Sources */ = {isa = PBXBuildFile; fileRef = A34061242ACC448000B3C311 /* News_ExplorerApp.swift */; };
		A34061272ACC448000B3C311 /* ContentView.swift in Sources */ = {isa = PBXBuildFile; fileRef = A34061262ACC448000B3C311 /* ContentView.swift */; };
		A34061292ACC448200B3C311 /* Assets.xcassets in Resources */ = {isa = PBXBuildFile; fileRef = A34061282ACC448200B3C311 /* Assets.xcassets */; };
		A340612C2ACC448200B3C311 /* Preview Assets.xcassets in Resources */ = {isa = PBXBuildFile; fileRef = A340612B2ACC448200B3C311 /* Preview Assets.xcassets */; };
		A34061332ACC454300B3C311 /* NewsData.swift in Sources */ = {isa = PBXBuildFile; fileRef = A34061322ACC454300B3C311 /* NewsData.swift */; };
		A34061352ACC481400B3C311 /* NewsViewModel.swift in Sources */ = {isa = PBXBuildFile; fileRef = A34061342ACC481400B3C311 /* NewsViewModel.swift */; };
		A351FCC92ACEB0A200314429 /* NewsDataService.swift in Sources */ = {isa = PBXBuildFile; fileRef = A351FCC82ACEB0A200314429 /* NewsDataService.swift */; };
		A351FCCB2ACEB6D000314429 /* DataPicker.swift in Sources */ = {isa = PBXBuildFile; fileRef = A351FCCA2ACEB6D000314429 /* DataPicker.swift */; };
		A351FCCD2ACEBADA00314429 /* NewsCell.swift in Sources */ = {isa = PBXBuildFile; fileRef = A351FCCC2ACEBADA00314429 /* NewsCell.swift */; };
		A38F98D12ACD86700043A2A6 /* NewsDetailsView.swift in Sources */ = {isa = PBXBuildFile; fileRef = A38F98D02ACD86700043A2A6 /* NewsDetailsView.swift */; };
/* End PBXBuildFile section */

/* Begin PBXFileReference section */
		A34061212ACC448000B3C311 /* News Explorer.app */ = {isa = PBXFileReference; explicitFileType = wrapper.application; includeInIndex = 0; path = "News Explorer.app"; sourceTree = BUILT_PRODUCTS_DIR; };
		A34061242ACC448000B3C311 /* News_ExplorerApp.swift */ = {isa = PBXFileReference; lastKnownFileType = sourcecode.swift; path = News_ExplorerApp.swift; sourceTree = "<group>"; };
		A34061262ACC448000B3C311 /* ContentView.swift */ = {isa = PBXFileReference; lastKnownFileType = sourcecode.swift; path = ContentView.swift; sourceTree = "<group>"; };
		A34061282ACC448200B3C311 /* Assets.xcassets */ = {isa = PBXFileReference; lastKnownFileType = folder.assetcatalog; path = Assets.xcassets; sourceTree = "<group>"; };
		A340612B2ACC448200B3C311 /* Preview Assets.xcassets */ = {isa = PBXFileReference; lastKnownFileType = folder.assetcatalog; path = "Preview Assets.xcassets"; sourceTree = "<group>"; };
		A34061322ACC454300B3C311 /* NewsData.swift */ = {isa = PBXFileReference; lastKnownFileType = sourcecode.swift; path = NewsData.swift; sourceTree = "<group>"; };
		A34061342ACC481400B3C311 /* NewsViewModel.swift */ = {isa = PBXFileReference; lastKnownFileType = sourcecode.swift; path = NewsViewModel.swift; sourceTree = "<group>"; };
		A351FCC82ACEB0A200314429 /* NewsDataService.swift */ = {isa = PBXFileReference; lastKnownFileType = sourcecode.swift; path = NewsDataService.swift; sourceTree = "<group>"; };
		A351FCCA2ACEB6D000314429 /* DataPicker.swift */ = {isa = PBXFileReference; lastKnownFileType = sourcecode.swift; path = DataPicker.swift; sourceTree = "<group>"; };
		A351FCCC2ACEBADA00314429 /* NewsCell.swift */ = {isa = PBXFileReference; lastKnownFileType = sourcecode.swift; path = NewsCell.swift; sourceTree = "<group>"; };
		A38F98D02ACD86700043A2A6 /* NewsDetailsView.swift */ = {isa = PBXFileReference; lastKnownFileType = sourcecode.swift; path = NewsDetailsView.swift; sourceTree = "<group>"; };
/* End PBXFileReference section */

/* Begin PBXFrameworksBuildPhase section */
		A340611E2ACC448000B3C311 /* Frameworks */ = {
			isa = PBXFrameworksBuildPhase;
			buildActionMask = 2147483647;
			files = (
			);
			runOnlyForDeploymentPostprocessing = 0;
		};
/* End PBXFrameworksBuildPhase section */

/* Begin PBXGroup section */
		A34061182ACC448000B3C311 = {
			isa = PBXGroup;
			children = (
				A34061232ACC448000B3C311 /* News Explorer */,
				A34061222ACC448000B3C311 /* Products */,
			);
			sourceTree = "<group>";
		};
		A34061222ACC448000B3C311 /* Products */ = {
			isa = PBXGroup;
			children = (
				A34061212ACC448000B3C311 /* News Explorer.app */,
			);
			name = Products;
			sourceTree = "<group>";
		};
		A34061232ACC448000B3C311 /* News Explorer */ = {
			isa = PBXGroup;
			children = (
				A34061242ACC448000B3C311 /* News_ExplorerApp.swift */,
				A351FCCE2ACEBB2700314429 /* News */,
				A34061282ACC448200B3C311 /* Assets.xcassets */,
				A340612A2ACC448200B3C311 /* Preview Content */,
			);
			path = "News Explorer";
			sourceTree = "<group>";
		};
		A340612A2ACC448200B3C311 /* Preview Content */ = {
			isa = PBXGroup;
			children = (
				A340612B2ACC448200B3C311 /* Preview Assets.xcassets */,
			);
			path = "Preview Content";
			sourceTree = "<group>";
		};
		A34061382ACC533500B3C311 /* NewsModel */ = {
			isa = PBXGroup;
			children = (
				A34061322ACC454300B3C311 /* NewsData.swift */,
			);
			path = NewsModel;
			sourceTree = "<group>";
		};
		A34061392ACC533C00B3C311 /* NewsViewModel */ = {
			isa = PBXGroup;
			children = (
				A34061342ACC481400B3C311 /* NewsViewModel.swift */,
			);
			path = NewsViewModel;
			sourceTree = "<group>";
		};
		A340613A2ACC535C00B3C311 /* NewsViews */ = {
			isa = PBXGroup;
			children = (
				A34061262ACC448000B3C311 /* ContentView.swift */,
				A38F98D02ACD86700043A2A6 /* NewsDetailsView.swift */,
				A351FCCC2ACEBADA00314429 /* NewsCell.swift */,
				A351FCCA2ACEB6D000314429 /* DataPicker.swift */,
			);
			path = NewsViews;
			sourceTree = "<group>";
		};
		A351FCCE2ACEBB2700314429 /* News */ = {
			isa = PBXGroup;
			children = (
				A340613A2ACC535C00B3C311 /* NewsViews */,
				A34061392ACC533C00B3C311 /* NewsViewModel */,
				A34061382ACC533500B3C311 /* NewsModel */,
				A351FCCF2ACEBB6B00314429 /* Services */,
			);
			path = News;
			sourceTree = "<group>";
		};
		A351FCCF2ACEBB6B00314429 /* Services */ = {
			isa = PBXGroup;
			children = (
				A351FCC82ACEB0A200314429 /* NewsDataService.swift */,
			);
			path = Services;
			sourceTree = "<group>";
		};
/* End PBXGroup section */

/* Begin PBXNativeTarget section */
		A34061202ACC448000B3C311 /* News Explorer */ = {
			isa = PBXNativeTarget;
			buildConfigurationList = A340612F2ACC448200B3C311 /* Build configuration list for PBXNativeTarget "News Explorer" */;
			buildPhases = (
				A340611D2ACC448000B3C311 /* Sources */,
				A340611E2ACC448000B3C311 /* Frameworks */,
				A340611F2ACC448000B3C311 /* Resources */,
			);
			buildRules = (
			);
			dependencies = (
			);
			name = "News Explorer";
			productName = "News Explorer";
			productReference = A34061212ACC448000B3C311 /* News Explorer.app */;
			productType = "com.apple.product-type.application";
		};
/* End PBXNativeTarget section */

/* Begin PBXProject section */
		A34061192ACC448000B3C311 /* Project object */ = {
			isa = PBXProject;
			attributes = {
				BuildIndependentTargetsInParallel = 1;
				LastSwiftUpdateCheck = 1500;
				LastUpgradeCheck = 1500;
				TargetAttributes = {
					A34061202ACC448000B3C311 = {
						CreatedOnToolsVersion = 15.0;
					};
				};
			};
			buildConfigurationList = A340611C2ACC448000B3C311 /* Build configuration list for PBXProject "News Explorer" */;
			compatibilityVersion = "Xcode 14.0";
			developmentRegion = en;
			hasScannedForEncodings = 0;
			knownRegions = (
				en,
				Base,
			);
			mainGroup = A34061182ACC448000B3C311;
			productRefGroup = A34061222ACC448000B3C311 /* Products */;
			projectDirPath = "";
			projectRoot = "";
			targets = (
				A34061202ACC448000B3C311 /* News Explorer */,
			);
		};
/* End PBXProject section */

/* Begin PBXResourcesBuildPhase section */
		A340611F2ACC448000B3C311 /* Resources */ = {
			isa = PBXResourcesBuildPhase;
			buildActionMask = 2147483647;
			files = (
				A340612C2ACC448200B3C311 /* Preview Assets.xcassets in Resources */,
				A34061292ACC448200B3C311 /* Assets.xcassets in Resources */,
			);
			runOnlyForDeploymentPostprocessing = 0;
		};
/* End PBXResourcesBuildPhase section */

/* Begin PBXSourcesBuildPhase section */
		A340611D2ACC448000B3C311 /* Sources */ = {
			isa = PBXSourcesBuildPhase;
			buildActionMask = 2147483647;
			files = (
				A38F98D12ACD86700043A2A6 /* NewsDetailsView.swift in Sources */,
				A34061272ACC448000B3C311 /* ContentView.swift in Sources */,
				A351FCC92ACEB0A200314429 /* NewsDataService.swift in Sources */,
				A34061252ACC448000B3C311 /* News_ExplorerApp.swift in Sources */,
				A34061332ACC454300B3C311 /* NewsData.swift in Sources */,
				A34061352ACC481400B3C311 /* NewsViewModel.swift in Sources */,
				A351FCCD2ACEBADA00314429 /* NewsCell.swift in Sources */,
				A351FCCB2ACEB6D000314429 /* DataPicker.swift in Sources */,
			);
			runOnlyForDeploymentPostprocessing = 0;
		};
/* End PBXSourcesBuildPhase section */

/* Begin XCBuildConfiguration section */
		A340612D2ACC448200B3C311 /* Debug */ = {
			isa = XCBuildConfiguration;
			buildSettings = {
				ALWAYS_SEARCH_USER_PATHS = NO;
				ASSETCATALOG_COMPILER_GENERATE_SWIFT_ASSET_SYMBOL_EXTENSIONS = YES;
				CLANG_ANALYZER_NONNULL = YES;
				CLANG_ANALYZER_NUMBER_OBJECT_CONVERSION = YES_AGGRESSIVE;
				CLANG_CXX_LANGUAGE_STANDARD = "gnu++20";
				CLANG_ENABLE_MODULES = YES;
				CLANG_ENABLE_OBJC_ARC = YES;
				CLANG_ENABLE_OBJC_WEAK = YES;
				CLANG_WARN_BLOCK_CAPTURE_AUTORELEASING = YES;
				CLANG_WARN_BOOL_CONVERSION = YES;
				CLANG_WARN_COMMA = YES;
				CLANG_WARN_CONSTANT_CONVERSION = YES;
				CLANG_WARN_DEPRECATED_OBJC_IMPLEMENTATIONS = YES;
				CLANG_WARN_DIRECT_OBJC_ISA_USAGE = YES_ERROR;
				CLANG_WARN_DOCUMENTATION_COMMENTS = YES;
				CLANG_WARN_EMPTY_BODY = YES;
				CLANG_WARN_ENUM_CONVERSION = YES;
				CLANG_WARN_INFINITE_RECURSION = YES;
				CLANG_WARN_INT_CONVERSION = YES;
				CLANG_WARN_NON_LITERAL_NULL_CONVERSION = YES;
				CLANG_WARN_OBJC_IMPLICIT_RETAIN_SELF = YES;
				CLANG_WARN_OBJC_LITERAL_CONVERSION = YES;
				CLANG_WARN_OBJC_ROOT_CLASS = YES_ERROR;
				CLANG_WARN_QUOTED_INCLUDE_IN_FRAMEWORK_HEADER = YES;
				CLANG_WARN_RANGE_LOOP_ANALYSIS = YES;
				CLANG_WARN_STRICT_PROTOTYPES = YES;
				CLANG_WARN_SUSPICIOUS_MOVE = YES;
				CLANG_WARN_UNGUARDED_AVAILABILITY = YES_AGGRESSIVE;
				CLANG_WARN_UNREACHABLE_CODE = YES;
				CLANG_WARN__DUPLICATE_METHOD_MATCH = YES;
				COPY_PHASE_STRIP = NO;
				DEBUG_INFORMATION_FORMAT = dwarf;
				ENABLE_STRICT_OBJC_MSGSEND = YES;
				ENABLE_TESTABILITY = YES;
				ENABLE_USER_SCRIPT_SANDBOXING = YES;
				GCC_C_LANGUAGE_STANDARD = gnu17;
				GCC_DYNAMIC_NO_PIC = NO;
				GCC_NO_COMMON_BLOCKS = YES;
				GCC_OPTIMIZATION_LEVEL = 0;
				GCC_PREPROCESSOR_DEFINITIONS = (
					"DEBUG=1",
					"$(inherited)",
				);
				GCC_WARN_64_TO_32_BIT_CONVERSION = YES;
				GCC_WARN_ABOUT_RETURN_TYPE = YES_ERROR;
				GCC_WARN_UNDECLARED_SELECTOR = YES;
				GCC_WARN_UNINITIALIZED_AUTOS = YES_AGGRESSIVE;
				GCC_WARN_UNUSED_FUNCTION = YES;
				GCC_WARN_UNUSED_VARIABLE = YES;
				IPHONEOS_DEPLOYMENT_TARGET = 17.0;
				LOCALIZATION_PREFERS_STRING_CATALOGS = YES;
				MTL_ENABLE_DEBUG_INFO = INCLUDE_SOURCE;
				MTL_FAST_MATH = YES;
				ONLY_ACTIVE_ARCH = YES;
				SDKROOT = iphoneos;
				SWIFT_ACTIVE_COMPILATION_CONDITIONS = "DEBUG $(inherited)";
				SWIFT_OPTIMIZATION_LEVEL = "-Onone";
			};
			name = Debug;
		};
		A340612E2ACC448200B3C311 /* Release */ = {
			isa = XCBuildConfiguration;
			buildSettings = {
				ALWAYS_SEARCH_USER_PATHS = NO;
				ASSETCATALOG_COMPILER_GENERATE_SWIFT_ASSET_SYMBOL_EXTENSIONS = YES;
				CLANG_ANALYZER_NONNULL = YES;
				CLANG_ANALYZER_NUMBER_OBJECT_CONVERSION = YES_AGGRESSIVE;
				CLANG_CXX_LANGUAGE_STANDARD = "gnu++20";
				CLANG_ENABLE_MODULES = YES;
				CLANG_ENABLE_OBJC_ARC = YES;
				CLANG_ENABLE_OBJC_WEAK = YES;
				CLANG_WARN_BLOCK_CAPTURE_AUTORELEASING = YES;
				CLANG_WARN_BOOL_CONVERSION = YES;
				CLANG_WARN_COMMA = YES;
				CLANG_WARN_CONSTANT_CONVERSION = YES;
				CLANG_WARN_DEPRECATED_OBJC_IMPLEMENTATIONS = YES;
				CLANG_WARN_DIRECT_OBJC_ISA_USAGE = YES_ERROR;
				CLANG_WARN_DOCUMENTATION_COMMENTS = YES;
				CLANG_WARN_EMPTY_BODY = YES;
				CLANG_WARN_ENUM_CONVERSION = YES;
				CLANG_WARN_INFINITE_RECURSION = YES;
				CLANG_WARN_INT_CONVERSION = YES;
				CLANG_WARN_NON_LITERAL_NULL_CONVERSION = YES;
				CLANG_WARN_OBJC_IMPLICIT_RETAIN_SELF = YES;
				CLANG_WARN_OBJC_LITERAL_CONVERSION = YES;
				CLANG_WARN_OBJC_ROOT_CLASS = YES_ERROR;
				CLANG_WARN_QUOTED_INCLUDE_IN_FRAMEWORK_HEADER = YES;
				CLANG_WARN_RANGE_LOOP_ANALYSIS = YES;
				CLANG_WARN_STRICT_PROTOTYPES = YES;
				CLANG_WARN_SUSPICIOUS_MOVE = YES;
				CLANG_WARN_UNGUARDED_AVAILABILITY = YES_AGGRESSIVE;
				CLANG_WARN_UNREACHABLE_CODE = YES;
				CLANG_WARN__DUPLICATE_METHOD_MATCH = YES;
				COPY_PHASE_STRIP = NO;
				DEBUG_INFORMATION_FORMAT = "dwarf-with-dsym";
				ENABLE_NS_ASSERTIONS = NO;
				ENABLE_STRICT_OBJC_MSGSEND = YES;
				ENABLE_USER_SCRIPT_SANDBOXING = YES;
				GCC_C_LANGUAGE_STANDARD = gnu17;
				GCC_NO_COMMON_BLOCKS = YES;
				GCC_WARN_64_TO_32_BIT_CONVERSION = YES;
				GCC_WARN_ABOUT_RETURN_TYPE = YES_ERROR;
				GCC_WARN_UNDECLARED_SELECTOR = YES;
				GCC_WARN_UNINITIALIZED_AUTOS = YES_AGGRESSIVE;
				GCC_WARN_UNUSED_FUNCTION = YES;
				GCC_WARN_UNUSED_VARIABLE = YES;
				IPHONEOS_DEPLOYMENT_TARGET = 17.0;
				LOCALIZATION_PREFERS_STRING_CATALOGS = YES;
				MTL_ENABLE_DEBUG_INFO = NO;
				MTL_FAST_MATH = YES;
				SDKROOT = iphoneos;
				SWIFT_COMPILATION_MODE = wholemodule;
				VALIDATE_PRODUCT = YES;
			};
			name = Release;
		};
		A34061302ACC448200B3C311 /* Debug */ = {
			isa = XCBuildConfiguration;
			buildSettings = {
				ASSETCATALOG_COMPILER_APPICON_NAME = AppIcon;
				ASSETCATALOG_COMPILER_GLOBAL_ACCENT_COLOR_NAME = AccentColor;
				CODE_SIGN_STYLE = Automatic;
				CURRENT_PROJECT_VERSION = 1;
				DEVELOPMENT_ASSET_PATHS = "\"News Explorer/Preview Content\"";
				DEVELOPMENT_TEAM = 4FRRK3F796;
				ENABLE_PREVIEWS = YES;
				GENERATE_INFOPLIST_FILE = YES;
				INFOPLIST_KEY_UIApplicationSceneManifest_Generation = YES;
				INFOPLIST_KEY_UIApplicationSupportsIndirectInputEvents = YES;
				INFOPLIST_KEY_UILaunchScreen_Generation = YES;
				INFOPLIST_KEY_UISupportedInterfaceOrientations = UIInterfaceOrientationPortrait;
				IPHONEOS_DEPLOYMENT_TARGET = 15.0;
				LD_RUNPATH_SEARCH_PATHS = (
					"$(inherited)",
					"@executable_path/Frameworks",
				);
				MARKETING_VERSION = 1.0;
				PRODUCT_BUNDLE_IDENTIFIER = "martakalichynska.News-Explorer";
				PRODUCT_NAME = "$(TARGET_NAME)";
				SWIFT_EMIT_LOC_STRINGS = YES;
				SWIFT_VERSION = 5.0;
				TARGETED_DEVICE_FAMILY = "1,2";
			};
			name = Debug;
		};
		A34061312ACC448200B3C311 /* Release */ = {
			isa = XCBuildConfiguration;
			buildSettings = {
				ASSETCATALOG_COMPILER_APPICON_NAME = AppIcon;
				ASSETCATALOG_COMPILER_GLOBAL_ACCENT_COLOR_NAME = AccentColor;
				CODE_SIGN_STYLE = Automatic;
				CURRENT_PROJECT_VERSION = 1;
				DEVELOPMENT_ASSET_PATHS = "\"News Explorer/Preview Content\"";
				DEVELOPMENT_TEAM = 4FRRK3F796;
				ENABLE_PREVIEWS = YES;
				GENERATE_INFOPLIST_FILE = YES;
				INFOPLIST_KEY_UIApplicationSceneManifest_Generation = YES;
				INFOPLIST_KEY_UIApplicationSupportsIndirectInputEvents = YES;
				INFOPLIST_KEY_UILaunchScreen_Generation = YES;
				INFOPLIST_KEY_UISupportedInterfaceOrientations = UIInterfaceOrientationPortrait;
				IPHONEOS_DEPLOYMENT_TARGET = 15.0;
				LD_RUNPATH_SEARCH_PATHS = (
					"$(inherited)",
					"@executable_path/Frameworks",
				);
				MARKETING_VERSION = 1.0;
				PRODUCT_BUNDLE_IDENTIFIER = "martakalichynska.News-Explorer";
				PRODUCT_NAME = "$(TARGET_NAME)";
				SWIFT_EMIT_LOC_STRINGS = YES;
				SWIFT_VERSION = 5.0;
				TARGETED_DEVICE_FAMILY = "1,2";
			};
			name = Release;
		};
/* End XCBuildConfiguration section */

/* Begin XCConfigurationList section */
		A340611C2ACC448000B3C311 /* Build configuration list for PBXProject "News Explorer" */ = {
			isa = XCConfigurationList;
			buildConfigurations = (
				A340612D2ACC448200B3C311 /* Debug */,
				A340612E2ACC448200B3C311 /* Release */,
			);
			defaultConfigurationIsVisible = 0;
			defaultConfigurationName = Release;
		};
		A340612F2ACC448200B3C311 /* Build configuration list for PBXNativeTarget "News Explorer" */ = {
			isa = XCConfigurationList;
			buildConfigurations = (
				A34061302ACC448200B3C311 /* Debug */,
				A34061312ACC448200B3C311 /* Release */,
			);
			defaultConfigurationIsVisible = 0;
			defaultConfigurationName = Release;
		};
/* End XCConfigurationList section */
	};
	rootObject = A34061192ACC448000B3C311 /* Project object */;
}
